
Microsoft Visual Studio Solution File, Format Version 12.00
# Visual Studio 15
VisualStudioVersion = 15.0.27703.2026
MinimumVisualStudioVersion = 10.0.40219.1
Project("{FAE04EC0-301F-11D3-BF4B-00C04F79EFBC}") = "TestSolution", "TwitterTest\TestSolution.csproj", "{E5200A5F-77B1-412A-9BDB-3141EE2DCD5A}"
EndProject
Project("{FAE04EC0-301F-11D3-BF4B-00C04F79EFBC}") = "TwitterAPI", "TwitterUser\TwitterAPI.csproj", "{5C83C85C-0330-442E-BD27-D6A2743194EE}"
EndProject
Global
	GlobalSection(SolutionConfigurationPlatforms) = preSolution
		Debug|Any CPU = Debug|Any CPU
		Release|Any CPU = Release|Any CPU
	EndGlobalSection
	GlobalSection(ProjectConfigurationPlatforms) = postSolution
		{E5200A5F-77B1-412A-9BDB-3141EE2DCD5A}.Debug|Any CPU.ActiveCfg = Debug|Any CPU
		{E5200A5F-77B1-412A-9BDB-3141EE2DCD5A}.Debug|Any CPU.Build.0 = Debug|Any CPU
		{E5200A5F-77B1-412A-9BDB-3141EE2DCD5A}.Release|Any CPU.ActiveCfg = Release|Any CPU
		{E5200A5F-77B1-412A-9BDB-3141EE2DCD5A}.Release|Any CPU.Build.0 = Release|Any CPU
		{5C83C85C-0330-442E-BD27-D6A2743194EE}.Debug|Any CPU.ActiveCfg = Debug|Any CPU
		{5C83C85C-0330-442E-BD27-D6A2743194EE}.Debug|Any CPU.Build.0 = Debug|Any CPU
		{5C83C85C-0330-442E-BD27-D6A2743194EE}.Release|Any CPU.ActiveCfg = Release|Any CPU
		{5C83C85C-0330-442E-BD27-D6A2743194EE}.Release|Any CPU.Build.0 = Release|Any CPU
	EndGlobalSection
	GlobalSection(SolutionProperties) = preSolution
		HideSolutionNode = FALSE
	EndGlobalSection
	GlobalSection(ExtensibilityGlobals) = postSolution
		SolutionGuid = {B011D5C8-C5AD-4BC4-BBBF-F14A904CEE7D}
	EndGlobalSection
EndGlobal
